
Microsoft Visual Studio Solution File, Format Version 12.00
# Visual Studio Version 16
VisualStudioVersion = 16.0.30002.166
MinimumVisualStudioVersion = 10.0.40219.1
Project("{9A19103F-16F7-4668-BE54-9A1E7A4F7556}") = "BlazorMovie.Server", "BlazorMovie\Server\BlazorMovie.Server.csproj", "{431B9752-7ADF-464E-B052-31B0FA4FE81C}"
EndProject
Project("{9A19103F-16F7-4668-BE54-9A1E7A4F7556}") = "BlazorMovie.Client", "BlazorMovie\Client\BlazorMovie.Client.csproj", "{05B3F363-4E45-46AA-B8E3-D55A99DDDC7C}"
EndProject
Project("{9A19103F-16F7-4668-BE54-9A1E7A4F7556}") = "BlazorMovie.Shared", "BlazorMovie\Shared\BlazorMovie.Shared.csproj", "{DA6EED57-1770-4196-9F6C-AD4CC020CF71}"
EndProject
Global
	GlobalSection(SolutionConfigurationPlatforms) = preSolution
		Debug|Any CPU = Debug|Any CPU
		Release|Any CPU = Release|Any CPU
	EndGlobalSection
	GlobalSection(ProjectConfigurationPlatforms) = postSolution
		{431B9752-7ADF-464E-B052-31B0FA4FE81C}.Debug|Any CPU.ActiveCfg = Debug|Any CPU
		{431B9752-7ADF-464E-B052-31B0FA4FE81C}.Debug|Any CPU.Build.0 = Debug|Any CPU
		{431B9752-7ADF-464E-B052-31B0FA4FE81C}.Release|Any CPU.ActiveCfg = Release|Any CPU
		{431B9752-7ADF-464E-B052-31B0FA4FE81C}.Release|Any CPU.Build.0 = Release|Any CPU
		{05B3F363-4E45-46AA-B8E3-D55A99DDDC7C}.Debug|Any CPU.ActiveCfg = Debug|Any CPU
		{05B3F363-4E45-46AA-B8E3-D55A99DDDC7C}.Debug|Any CPU.Build.0 = Debug|Any CPU
		{05B3F363-4E45-46AA-B8E3-D55A99DDDC7C}.Release|Any CPU.ActiveCfg = Release|Any CPU
		{05B3F363-4E45-46AA-B8E3-D55A99DDDC7C}.Release|Any CPU.Build.0 = Release|Any CPU
		{DA6EED57-1770-4196-9F6C-AD4CC020CF71}.Debug|Any CPU.ActiveCfg = Debug|Any CPU
		{DA6EED57-1770-4196-9F6C-AD4CC020CF71}.Debug|Any CPU.Build.0 = Debug|Any CPU
		{DA6EED57-1770-4196-9F6C-AD4CC020CF71}.Release|Any CPU.ActiveCfg = Release|Any CPU
		{DA6EED57-1770-4196-9F6C-AD4CC020CF71}.Release|Any CPU.Build.0 = Release|Any CPU
	EndGlobalSection
	GlobalSection(SolutionProperties) = preSolution
		HideSolutionNode = FALSE
	EndGlobalSection
	GlobalSection(ExtensibilityGlobals) = postSolution
		SolutionGuid = {7C09DB7D-20E1-4CF6-B6AA-313BB2A800DE}
	EndGlobalSection
EndGlobal
